
Microsoft Visual Studio Solution File, Format Version 12.00
# Visual Studio Version 16
VisualStudioVersion = 16.0.34407.143
MinimumVisualStudioVersion = 10.0.40219.1
Project("{FAE04EC0-301F-11D3-BF4B-00C04F79EFBC}") = "mar", "mar.csproj", "{1AF9CD56-A772-4975-BDFF-1E6B4A5EB119}"
EndProject
Global
	GlobalSection(SolutionConfigurationPlatforms) = preSolution
		Debug|Any CPU = Debug|Any CPU
		Release|Any CPU = Release|Any CPU
	EndGlobalSection
	GlobalSection(ProjectConfigurationPlatforms) = postSolution
		{1AF9CD56-A772-4975-BDFF-1E6B4A5EB119}.Debug|Any CPU.ActiveCfg = Debug|Any CPU
		{1AF9CD56-A772-4975-BDFF-1E6B4A5EB119}.Debug|Any CPU.Build.0 = Debug|Any CPU
		{1AF9CD56-A772-4975-BDFF-1E6B4A5EB119}.Release|Any CPU.ActiveCfg = Release|Any CPU
		{1AF9CD56-A772-4975-BDFF-1E6B4A5EB119}.Release|Any CPU.Build.0 = Release|Any CPU
	EndGlobalSection
	GlobalSection(SolutionProperties) = preSolution
		HideSolutionNode = FALSE
	EndGlobalSection
	GlobalSection(ExtensibilityGlobals) = postSolution
		SolutionGuid = {23D2EA6B-9B40-4038-B94E-F1DD6B4DA15B}
	EndGlobalSection
EndGlobal
